
Microsoft Visual Studio Solution File, Format Version 12.00
# Visual Studio 15
VisualStudioVersion = 15.0.26124.0
MinimumVisualStudioVersion = 15.0.26124.0
Project("{FAE04EC0-301F-11D3-BF4B-00C04F79EFBC}") = "TrafficMonitor", "src\TrafficMonitor\TrafficMonitor.csproj", "{3D497B31-C1C9-495A-AF37-E4BAF2BF66C1}"
EndProject
Project("{FAE04EC0-301F-11D3-BF4B-00C04F79EFBC}") = "TrafficMonitor.Tests", "TrafficMonitor.Tests\TrafficMonitor.Tests.csproj", "{05E273BF-2E0E-403F-8049-0B6558066426}"
EndProject
Global
	GlobalSection(SolutionConfigurationPlatforms) = preSolution
		Debug|Any CPU = Debug|Any CPU
		Debug|x64 = Debug|x64
		Debug|x86 = Debug|x86
		Release|Any CPU = Release|Any CPU
		Release|x64 = Release|x64
		Release|x86 = Release|x86
	EndGlobalSection
	GlobalSection(SolutionProperties) = preSolution
		HideSolutionNode = FALSE
	EndGlobalSection
	GlobalSection(ProjectConfigurationPlatforms) = postSolution
		{3D497B31-C1C9-495A-AF37-E4BAF2BF66C1}.Debug|Any CPU.ActiveCfg = Debug|Any CPU
		{3D497B31-C1C9-495A-AF37-E4BAF2BF66C1}.Debug|Any CPU.Build.0 = Debug|Any CPU
		{3D497B31-C1C9-495A-AF37-E4BAF2BF66C1}.Debug|x64.ActiveCfg = Debug|Any CPU
		{3D497B31-C1C9-495A-AF37-E4BAF2BF66C1}.Debug|x64.Build.0 = Debug|Any CPU
		{3D497B31-C1C9-495A-AF37-E4BAF2BF66C1}.Debug|x86.ActiveCfg = Debug|Any CPU
		{3D497B31-C1C9-495A-AF37-E4BAF2BF66C1}.Debug|x86.Build.0 = Debug|Any CPU
		{3D497B31-C1C9-495A-AF37-E4BAF2BF66C1}.Release|Any CPU.ActiveCfg = Release|Any CPU
		{3D497B31-C1C9-495A-AF37-E4BAF2BF66C1}.Release|Any CPU.Build.0 = Release|Any CPU
		{3D497B31-C1C9-495A-AF37-E4BAF2BF66C1}.Release|x64.ActiveCfg = Release|Any CPU
		{3D497B31-C1C9-495A-AF37-E4BAF2BF66C1}.Release|x64.Build.0 = Release|Any CPU
		{3D497B31-C1C9-495A-AF37-E4BAF2BF66C1}.Release|x86.ActiveCfg = Release|Any CPU
		{3D497B31-C1C9-495A-AF37-E4BAF2BF66C1}.Release|x86.Build.0 = Release|Any CPU
		{05E273BF-2E0E-403F-8049-0B6558066426}.Debug|Any CPU.ActiveCfg = Debug|Any CPU
		{05E273BF-2E0E-403F-8049-0B6558066426}.Debug|Any CPU.Build.0 = Debug|Any CPU
		{05E273BF-2E0E-403F-8049-0B6558066426}.Debug|x64.ActiveCfg = Debug|Any CPU
		{05E273BF-2E0E-403F-8049-0B6558066426}.Debug|x64.Build.0 = Debug|Any CPU
		{05E273BF-2E0E-403F-8049-0B6558066426}.Debug|x86.ActiveCfg = Debug|Any CPU
		{05E273BF-2E0E-403F-8049-0B6558066426}.Debug|x86.Build.0 = Debug|Any CPU
		{05E273BF-2E0E-403F-8049-0B6558066426}.Release|Any CPU.ActiveCfg = Release|Any CPU
		{05E273BF-2E0E-403F-8049-0B6558066426}.Release|Any CPU.Build.0 = Release|Any CPU
		{05E273BF-2E0E-403F-8049-0B6558066426}.Release|x64.ActiveCfg = Release|Any CPU
		{05E273BF-2E0E-403F-8049-0B6558066426}.Release|x64.Build.0 = Release|Any CPU
		{05E273BF-2E0E-403F-8049-0B6558066426}.Release|x86.ActiveCfg = Release|Any CPU
		{05E273BF-2E0E-403F-8049-0B6558066426}.Release|x86.Build.0 = Release|Any CPU
	EndGlobalSection
	GlobalSection(NestedProjects) = preSolution
		{3D497B31-C1C9-495A-AF37-E4BAF2BF66C1} = {039B9FB0-F9BA-4C09-A06C-D7A8DF779504}
	EndGlobalSection
EndGlobal
